// !$*UTF8*$!
{
	archiveVersion = 1;
	classes = {
	};
	objectVersion = 56;
	objects = {

/* Begin PBXBuildFile section */
		E57EF918292471850044660C /* AppDelegate.swift in Sources */ = {isa = PBXBuildFile; fileRef = E57EF917292471850044660C /* AppDelegate.swift */; };
		E57EF91A292471850044660C /* SceneDelegate.swift in Sources */ = {isa = PBXBuildFile; fileRef = E57EF919292471850044660C /* SceneDelegate.swift */; };
		E57EF91C292471850044660C /* ViewController.swift in Sources */ = {isa = PBXBuildFile; fileRef = E57EF91B292471850044660C /* ViewController.swift */; };
		E57EF91F292471850044660C /* Main.storyboard in Resources */ = {isa = PBXBuildFile; fileRef = E57EF91D292471850044660C /* Main.storyboard */; };
		E57EF922292471850044660C /* ChallengeAdd.xcdatamodeld in Sources */ = {isa = PBXBuildFile; fileRef = E57EF920292471850044660C /* ChallengeAdd.xcdatamodeld */; };
		E57EF924292471860044660C /* Assets.xcassets in Resources */ = {isa = PBXBuildFile; fileRef = E57EF923292471860044660C /* Assets.xcassets */; };
		E57EF927292471860044660C /* LaunchScreen.storyboard in Resources */ = {isa = PBXBuildFile; fileRef = E57EF925292471860044660C /* LaunchScreen.storyboard */; };
		E57EF932292471860044660C /* ChallengeAddTests.swift in Sources */ = {isa = PBXBuildFile; fileRef = E57EF931292471860044660C /* ChallengeAddTests.swift */; };
		E57EF93C292471860044660C /* ChallengeAddUITests.swift in Sources */ = {isa = PBXBuildFile; fileRef = E57EF93B292471860044660C /* ChallengeAddUITests.swift */; };
		E57EF93E292471860044660C /* ChallengeAddUITestsLaunchTests.swift in Sources */ = {isa = PBXBuildFile; fileRef = E57EF93D292471860044660C /* ChallengeAddUITestsLaunchTests.swift */; };
/* End PBXBuildFile section */

/* Begin PBXContainerItemProxy section */
		E57EF92E292471860044660C /* PBXContainerItemProxy */ = {
			isa = PBXContainerItemProxy;
			containerPortal = E57EF90C292471850044660C /* Project object */;
			proxyType = 1;
			remoteGlobalIDString = E57EF913292471850044660C;
			remoteInfo = ChallengeAdd;
		};
		E57EF938292471860044660C /* PBXContainerItemProxy */ = {
			isa = PBXContainerItemProxy;
			containerPortal = E57EF90C292471850044660C /* Project object */;
			proxyType = 1;
			remoteGlobalIDString = E57EF913292471850044660C;
			remoteInfo = ChallengeAdd;
		};
/* End PBXContainerItemProxy section */

/* Begin PBXFileReference section */
		E57EF914292471850044660C /* ChallengeAdd.app */ = {isa = PBXFileReference; explicitFileType = wrapper.application; includeInIndex = 0; path = ChallengeAdd.app; sourceTree = BUILT_PRODUCTS_DIR; };
		E57EF917292471850044660C /* AppDelegate.swift */ = {isa = PBXFileReference; lastKnownFileType = sourcecode.swift; path = AppDelegate.swift; sourceTree = "<group>"; };
		E57EF919292471850044660C /* SceneDelegate.swift */ = {isa = PBXFileReference; lastKnownFileType = sourcecode.swift; path = SceneDelegate.swift; sourceTree = "<group>"; };
		E57EF91B292471850044660C /* ViewController.swift */ = {isa = PBXFileReference; lastKnownFileType = sourcecode.swift; path = ViewController.swift; sourceTree = "<group>"; };
		E57EF91E292471850044660C /* Base */ = {isa = PBXFileReference; lastKnownFileType = file.storyboard; name = Base; path = Base.lproj/Main.storyboard; sourceTree = "<group>"; };
		E57EF921292471850044660C /* ChallengeAdd.xcdatamodel */ = {isa = PBXFileReference; lastKnownFileType = wrapper.xcdatamodel; path = ChallengeAdd.xcdatamodel; sourceTree = "<group>"; };
		E57EF923292471860044660C /* Assets.xcassets */ = {isa = PBXFileReference; lastKnownFileType = folder.assetcatalog; path = Assets.xcassets; sourceTree = "<group>"; };
		E57EF926292471860044660C /* Base */ = {isa = PBXFileReference; lastKnownFileType = file.storyboard; name = Base; path = Base.lproj/LaunchScreen.storyboard; sourceTree = "<group>"; };
		E57EF928292471860044660C /* Info.plist */ = {isa = PBXFileReference; lastKnownFileType = text.plist.xml; path = Info.plist; sourceTree = "<group>"; };
		E57EF92D292471860044660C /* ChallengeAddTests.xctest */ = {isa = PBXFileReference; explicitFileType = wrapper.cfbundle; includeInIndex = 0; path = ChallengeAddTests.xctest; sourceTree = BUILT_PRODUCTS_DIR; };
		E57EF931292471860044660C /* ChallengeAddTests.swift */ = {isa = PBXFileReference; lastKnownFileType = sourcecode.swift; path = ChallengeAddTests.swift; sourceTree = "<group>"; };
		E57EF937292471860044660C /* ChallengeAddUITests.xctest */ = {isa = PBXFileReference; explicitFileType = wrapper.cfbundle; includeInIndex = 0; path = ChallengeAddUITests.xctest; sourceTree = BUILT_PRODUCTS_DIR; };
		E57EF93B292471860044660C /* ChallengeAddUITests.swift */ = {isa = PBXFileReference; lastKnownFileType = sourcecode.swift; path = ChallengeAddUITests.swift; sourceTree = "<group>"; };
		E57EF93D292471860044660C /* ChallengeAddUITestsLaunchTests.swift */ = {isa = PBXFileReference; lastKnownFileType = sourcecode.swift; path = ChallengeAddUITestsLaunchTests.swift; sourceTree = "<group>"; };
/* End PBXFileReference section */

/* Begin PBXFrameworksBuildPhase section */
		E57EF911292471850044660C /* Frameworks */ = {
			isa = PBXFrameworksBuildPhase;
			buildActionMask = 2147483647;
			files = (
			);
			runOnlyForDeploymentPostprocessing = 0;
		};
		E57EF92A292471860044660C /* Frameworks */ = {
			isa = PBXFrameworksBuildPhase;
			buildActionMask = 2147483647;
			files = (
			);
			runOnlyForDeploymentPostprocessing = 0;
		};
		E57EF934292471860044660C /* Frameworks */ = {
			isa = PBXFrameworksBuildPhase;
			buildActionMask = 2147483647;
			files = (
			);
			runOnlyForDeploymentPostprocessing = 0;
		};
/* End PBXFrameworksBuildPhase section */

/* Begin PBXGroup section */
		E57EF90B292471850044660C = {
			isa = PBXGroup;
			children = (
				E57EF916292471850044660C /* ChallengeAdd */,
				E57EF930292471860044660C /* ChallengeAddTests */,
				E57EF93A292471860044660C /* ChallengeAddUITests */,
				E57EF915292471850044660C /* Products */,
			);
			sourceTree = "<group>";
		};
		E57EF915292471850044660C /* Products */ = {
			isa = PBXGroup;
			children = (
				E57EF914292471850044660C /* ChallengeAdd.app */,
				E57EF92D292471860044660C /* ChallengeAddTests.xctest */,
				E57EF937292471860044660C /* ChallengeAddUITests.xctest */,
			);
			name = Products;
			sourceTree = "<group>";
		};
		E57EF916292471850044660C /* ChallengeAdd */ = {
			isa = PBXGroup;
			children = (
				E57EF917292471850044660C /* AppDelegate.swift */,
				E57EF919292471850044660C /* SceneDelegate.swift */,
				E57EF91B292471850044660C /* ViewController.swift */,
				E57EF91D292471850044660C /* Main.storyboard */,
				E57EF923292471860044660C /* Assets.xcassets */,
				E57EF925292471860044660C /* LaunchScreen.storyboard */,
				E57EF928292471860044660C /* Info.plist */,
				E57EF920292471850044660C /* ChallengeAdd.xcdatamodeld */,
			);
			path = ChallengeAdd;
			sourceTree = "<group>";
		};
		E57EF930292471860044660C /* ChallengeAddTests */ = {
			isa = PBXGroup;
			children = (
				E57EF931292471860044660C /* ChallengeAddTests.swift */,
			);
			path = ChallengeAddTests;
			sourceTree = "<group>";
		};
		E57EF93A292471860044660C /* ChallengeAddUITests */ = {
			isa = PBXGroup;
			children = (
				E57EF93B292471860044660C /* ChallengeAddUITests.swift */,
				E57EF93D292471860044660C /* ChallengeAddUITestsLaunchTests.swift */,
			);
			path = ChallengeAddUITests;
			sourceTree = "<group>";
		};
/* End PBXGroup section */

/* Begin PBXNativeTarget section */
		E57EF913292471850044660C /* ChallengeAdd */ = {
			isa = PBXNativeTarget;
			buildConfigurationList = E57EF941292471860044660C /* Build configuration list for PBXNativeTarget "ChallengeAdd" */;
			buildPhases = (
				E57EF910292471850044660C /* Sources */,
				E57EF911292471850044660C /* Frameworks */,
				E57EF912292471850044660C /* Resources */,
			);
			buildRules = (
			);
			dependencies = (
			);
			name = ChallengeAdd;
			productName = ChallengeAdd;
			productReference = E57EF914292471850044660C /* ChallengeAdd.app */;
			productType = "com.apple.product-type.application";
		};
		E57EF92C292471860044660C /* ChallengeAddTests */ = {
			isa = PBXNativeTarget;
			buildConfigurationList = E57EF944292471860044660C /* Build configuration list for PBXNativeTarget "ChallengeAddTests" */;
			buildPhases = (
				E57EF929292471860044660C /* Sources */,
				E57EF92A292471860044660C /* Frameworks */,
				E57EF92B292471860044660C /* Resources */,
			);
			buildRules = (
			);
			dependencies = (
				E57EF92F292471860044660C /* PBXTargetDependency */,
			);
			name = ChallengeAddTests;
			productName = ChallengeAddTests;
			productReference = E57EF92D292471860044660C /* ChallengeAddTests.xctest */;
			productType = "com.apple.product-type.bundle.unit-test";
		};
		E57EF936292471860044660C /* ChallengeAddUITests */ = {
			isa = PBXNativeTarget;
			buildConfigurationList = E57EF947292471860044660C /* Build configuration list for PBXNativeTarget "ChallengeAddUITests" */;
			buildPhases = (
				E57EF933292471860044660C /* Sources */,
				E57EF934292471860044660C /* Frameworks */,
				E57EF935292471860044660C /* Resources */,
			);
			buildRules = (
			);
			dependencies = (
				E57EF939292471860044660C /* PBXTargetDependency */,
			);
			name = ChallengeAddUITests;
			productName = ChallengeAddUITests;
			productReference = E57EF937292471860044660C /* ChallengeAddUITests.xctest */;
			productType = "com.apple.product-type.bundle.ui-testing";
		};
/* End PBXNativeTarget section */

/* Begin PBXProject section */
		E57EF90C292471850044660C /* Project object */ = {
			isa = PBXProject;
			attributes = {
				BuildIndependentTargetsInParallel = 1;
				LastSwiftUpdateCheck = 1410;
				LastUpgradeCheck = 1410;
				TargetAttributes = {
					E57EF913292471850044660C = {
						CreatedOnToolsVersion = 14.1;
					};
					E57EF92C292471860044660C = {
						CreatedOnToolsVersion = 14.1;
						TestTargetID = E57EF913292471850044660C;
					};
					E57EF936292471860044660C = {
						CreatedOnToolsVersion = 14.1;
						TestTargetID = E57EF913292471850044660C;
					};
				};
			};
			buildConfigurationList = E57EF90F292471850044660C /* Build configuration list for PBXProject "ChallengeAdd" */;
			compatibilityVersion = "Xcode 14.0";
			developmentRegion = en;
			hasScannedForEncodings = 0;
			knownRegions = (
				en,
				Base,
			);
			mainGroup = E57EF90B292471850044660C;
			productRefGroup = E57EF915292471850044660C /* Products */;
			projectDirPath = "";
			projectRoot = "";
			targets = (
				E57EF913292471850044660C /* ChallengeAdd */,
				E57EF92C292471860044660C /* ChallengeAddTests */,
				E57EF936292471860044660C /* ChallengeAddUITests */,
			);
		};
/* End PBXProject section */

/* Begin PBXResourcesBuildPhase section */
		E57EF912292471850044660C /* Resources */ = {
			isa = PBXResourcesBuildPhase;
			buildActionMask = 2147483647;
			files = (
				E57EF927292471860044660C /* LaunchScreen.storyboard in Resources */,
				E57EF924292471860044660C /* Assets.xcassets in Resources */,
				E57EF91F292471850044660C /* Main.storyboard in Resources */,
			);
			runOnlyForDeploymentPostprocessing = 0;
		};
		E57EF92B292471860044660C /* Resources */ = {
			isa = PBXResourcesBuildPhase;
			buildActionMask = 2147483647;
			files = (
			);
			runOnlyForDeploymentPostprocessing = 0;
		};
		E57EF935292471860044660C /* Resources */ = {
			isa = PBXResourcesBuildPhase;
			buildActionMask = 2147483647;
			files = (
			);
			runOnlyForDeploymentPostprocessing = 0;
		};
/* End PBXResourcesBuildPhase section */

/* Begin PBXSourcesBuildPhase section */
		E57EF910292471850044660C /* Sources */ = {
			isa = PBXSourcesBuildPhase;
			buildActionMask = 2147483647;
			files = (
				E57EF91C292471850044660C /* ViewController.swift in Sources */,
				E57EF922292471850044660C /* ChallengeAdd.xcdatamodeld in Sources */,
				E57EF918292471850044660C /* AppDelegate.swift in Sources */,
				E57EF91A292471850044660C /* SceneDelegate.swift in Sources */,
			);
			runOnlyForDeploymentPostprocessing = 0;
		};
		E57EF929292471860044660C /* Sources */ = {
			isa = PBXSourcesBuildPhase;
			buildActionMask = 2147483647;
			files = (
				E57EF932292471860044660C /* ChallengeAddTests.swift in Sources */,
			);
			runOnlyForDeploymentPostprocessing = 0;
		};
		E57EF933292471860044660C /* Sources */ = {
			isa = PBXSourcesBuildPhase;
			buildActionMask = 2147483647;
			files = (
				E57EF93E292471860044660C /* ChallengeAddUITestsLaunchTests.swift in Sources */,
				E57EF93C292471860044660C /* ChallengeAddUITests.swift in Sources */,
			);
			runOnlyForDeploymentPostprocessing = 0;
		};
/* End PBXSourcesBuildPhase section */

/* Begin PBXTargetDependency section */
		E57EF92F292471860044660C /* PBXTargetDependency */ = {
			isa = PBXTargetDependency;
			target = E57EF913292471850044660C /* ChallengeAdd */;
			targetProxy = E57EF92E292471860044660C /* PBXContainerItemProxy */;
		};
		E57EF939292471860044660C /* PBXTargetDependency */ = {
			isa = PBXTargetDependency;
			target = E57EF913292471850044660C /* ChallengeAdd */;
			targetProxy = E57EF938292471860044660C /* PBXContainerItemProxy */;
		};
/* End PBXTargetDependency section */

/* Begin PBXVariantGroup section */
		E57EF91D292471850044660C /* Main.storyboard */ = {
			isa = PBXVariantGroup;
			children = (
				E57EF91E292471850044660C /* Base */,
			);
			name = Main.storyboard;
			sourceTree = "<group>";
		};
		E57EF925292471860044660C /* LaunchScreen.storyboard */ = {
			isa = PBXVariantGroup;
			children = (
				E57EF926292471860044660C /* Base */,
			);
			name = LaunchScreen.storyboard;
			sourceTree = "<group>";
		};
/* End PBXVariantGroup section */

/* Begin XCBuildConfiguration section */
		E57EF93F292471860044660C /* Debug */ = {
			isa = XCBuildConfiguration;
			buildSettings = {
				ALWAYS_SEARCH_USER_PATHS = NO;
				CLANG_ANALYZER_NONNULL = YES;
				CLANG_ANALYZER_NUMBER_OBJECT_CONVERSION = YES_AGGRESSIVE;
				CLANG_CXX_LANGUAGE_STANDARD = "gnu++20";
				CLANG_ENABLE_MODULES = YES;
				CLANG_ENABLE_OBJC_ARC = YES;
				CLANG_ENABLE_OBJC_WEAK = YES;
				CLANG_WARN_BLOCK_CAPTURE_AUTORELEASING = YES;
				CLANG_WARN_BOOL_CONVERSION = YES;
				CLANG_WARN_COMMA = YES;
				CLANG_WARN_CONSTANT_CONVERSION = YES;
				CLANG_WARN_DEPRECATED_OBJC_IMPLEMENTATIONS = YES;
				CLANG_WARN_DIRECT_OBJC_ISA_USAGE = YES_ERROR;
				CLANG_WARN_DOCUMENTATION_COMMENTS = YES;
				CLANG_WARN_EMPTY_BODY = YES;
				CLANG_WARN_ENUM_CONVERSION = YES;
				CLANG_WARN_INFINITE_RECURSION = YES;
				CLANG_WARN_INT_CONVERSION = YES;
				CLANG_WARN_NON_LITERAL_NULL_CONVERSION = YES;
				CLANG_WARN_OBJC_IMPLICIT_RETAIN_SELF = YES;
				CLANG_WARN_OBJC_LITERAL_CONVERSION = YES;
				CLANG_WARN_OBJC_ROOT_CLASS = YES_ERROR;
				CLANG_WARN_QUOTED_INCLUDE_IN_FRAMEWORK_HEADER = YES;
				CLANG_WARN_RANGE_LOOP_ANALYSIS = YES;
				CLANG_WARN_STRICT_PROTOTYPES = YES;
				CLANG_WARN_SUSPICIOUS_MOVE = YES;
				CLANG_WARN_UNGUARDED_AVAILABILITY = YES_AGGRESSIVE;
				CLANG_WARN_UNREACHABLE_CODE = YES;
				CLANG_WARN__DUPLICATE_METHOD_MATCH = YES;
				COPY_PHASE_STRIP = NO;
				DEBUG_INFORMATION_FORMAT = dwarf;
				ENABLE_STRICT_OBJC_MSGSEND = YES;
				ENABLE_TESTABILITY = YES;
				GCC_C_LANGUAGE_STANDARD = gnu11;
				GCC_DYNAMIC_NO_PIC = NO;
				GCC_NO_COMMON_BLOCKS = YES;
				GCC_OPTIMIZATION_LEVEL = 0;
				GCC_PREPROCESSOR_DEFINITIONS = (
					"DEBUG=1",
					"$(inherited)",
				);
				GCC_WARN_64_TO_32_BIT_CONVERSION = YES;
				GCC_WARN_ABOUT_RETURN_TYPE = YES_ERROR;
				GCC_WARN_UNDECLARED_SELECTOR = YES;
				GCC_WARN_UNINITIALIZED_AUTOS = YES_AGGRESSIVE;
				GCC_WARN_UNUSED_FUNCTION = YES;
				GCC_WARN_UNUSED_VARIABLE = YES;
				IPHONEOS_DEPLOYMENT_TARGET = 16.1;
				MTL_ENABLE_DEBUG_INFO = INCLUDE_SOURCE;
				MTL_FAST_MATH = YES;
				ONLY_ACTIVE_ARCH = YES;
				SDKROOT = iphoneos;
				SWIFT_ACTIVE_COMPILATION_CONDITIONS = DEBUG;
				SWIFT_OPTIMIZATION_LEVEL = "-Onone";
			};
			name = Debug;
		};
		E57EF940292471860044660C /* Release */ = {
			isa = XCBuildConfiguration;
			buildSettings = {
				ALWAYS_SEARCH_USER_PATHS = NO;
				CLANG_ANALYZER_NONNULL = YES;
				CLANG_ANALYZER_NUMBER_OBJECT_CONVERSION = YES_AGGRESSIVE;
				CLANG_CXX_LANGUAGE_STANDARD = "gnu++20";
				CLANG_ENABLE_MODULES = YES;
				CLANG_ENABLE_OBJC_ARC = YES;
				CLANG_ENABLE_OBJC_WEAK = YES;
				CLANG_WARN_BLOCK_CAPTURE_AUTORELEASING = YES;
				CLANG_WARN_BOOL_CONVERSION = YES;
				CLANG_WARN_COMMA = YES;
				CLANG_WARN_CONSTANT_CONVERSION = YES;
				CLANG_WARN_DEPRECATED_OBJC_IMPLEMENTATIONS = YES;
				CLANG_WARN_DIRECT_OBJC_ISA_USAGE = YES_ERROR;
				CLANG_WARN_DOCUMENTATION_COMMENTS = YES;
				CLANG_WARN_EMPTY_BODY = YES;
				CLANG_WARN_ENUM_CONVERSION = YES;
				CLANG_WARN_INFINITE_RECURSION = YES;
				CLANG_WARN_INT_CONVERSION = YES;
				CLANG_WARN_NON_LITERAL_NULL_CONVERSION = YES;
				CLANG_WARN_OBJC_IMPLICIT_RETAIN_SELF = YES;
				CLANG_WARN_OBJC_LITERAL_CONVERSION = YES;
				CLANG_WARN_OBJC_ROOT_CLASS = YES_ERROR;
				CLANG_WARN_QUOTED_INCLUDE_IN_FRAMEWORK_HEADER = YES;
				CLANG_WARN_RANGE_LOOP_ANALYSIS = YES;
				CLANG_WARN_STRICT_PROTOTYPES = YES;
				CLANG_WARN_SUSPICIOUS_MOVE = YES;
				CLANG_WARN_UNGUARDED_AVAILABILITY = YES_AGGRESSIVE;
				CLANG_WARN_UNREACHABLE_CODE = YES;
				CLANG_WARN__DUPLICATE_METHOD_MATCH = YES;
				COPY_PHASE_STRIP = NO;
				DEBUG_INFORMATION_FORMAT = "dwarf-with-dsym";
				ENABLE_NS_ASSERTIONS = NO;
				ENABLE_STRICT_OBJC_MSGSEND = YES;
				GCC_C_LANGUAGE_STANDARD = gnu11;
				GCC_NO_COMMON_BLOCKS = YES;
				GCC_WARN_64_TO_32_BIT_CONVERSION = YES;
				GCC_WARN_ABOUT_RETURN_TYPE = YES_ERROR;
				GCC_WARN_UNDECLARED_SELECTOR = YES;
				GCC_WARN_UNINITIALIZED_AUTOS = YES_AGGRESSIVE;
				GCC_WARN_UNUSED_FUNCTION = YES;
				GCC_WARN_UNUSED_VARIABLE = YES;
				IPHONEOS_DEPLOYMENT_TARGET = 16.1;
				MTL_ENABLE_DEBUG_INFO = NO;
				MTL_FAST_MATH = YES;
				SDKROOT = iphoneos;
				SWIFT_COMPILATION_MODE = wholemodule;
				SWIFT_OPTIMIZATION_LEVEL = "-O";
				VALIDATE_PRODUCT = YES;
			};
			name = Release;
		};
		E57EF942292471860044660C /* Debug */ = {
			isa = XCBuildConfiguration;
			buildSettings = {
				ASSETCATALOG_COMPILER_APPICON_NAME = AppIcon;
				ASSETCATALOG_COMPILER_GLOBAL_ACCENT_COLOR_NAME = AccentColor;
				CODE_SIGN_STYLE = Automatic;
				CURRENT_PROJECT_VERSION = 1;
				DEVELOPMENT_TEAM = 6CNX5P6BQG;
				GENERATE_INFOPLIST_FILE = YES;
				INFOPLIST_FILE = ChallengeAdd/Info.plist;
				INFOPLIST_KEY_UIApplicationSupportsIndirectInputEvents = YES;
				INFOPLIST_KEY_UILaunchStoryboardName = LaunchScreen;
				INFOPLIST_KEY_UIMainStoryboardFile = Main;
				INFOPLIST_KEY_UISupportedInterfaceOrientations_iPad = "UIInterfaceOrientationPortrait UIInterfaceOrientationPortraitUpsideDown UIInterfaceOrientationLandscapeLeft UIInterfaceOrientationLandscapeRight";
				INFOPLIST_KEY_UISupportedInterfaceOrientations_iPhone = "UIInterfaceOrientationPortrait UIInterfaceOrientationLandscapeLeft UIInterfaceOrientationLandscapeRight";
				LD_RUNPATH_SEARCH_PATHS = (
					"$(inherited)",
					"@executable_path/Frameworks",
				);
				MARKETING_VERSION = 1.0;
				PRODUCT_BUNDLE_IDENTIFIER = com.077tech.ChallengeAdd;
				PRODUCT_NAME = "$(TARGET_NAME)";
				SWIFT_EMIT_LOC_STRINGS = YES;
				SWIFT_VERSION = 5.0;
				TARGETED_DEVICE_FAMILY = "1,2";
			};
			name = Debug;
		};
		E57EF943292471860044660C /* Release */ = {
			isa = XCBuildConfiguration;
			buildSettings = {
				ASSETCATALOG_COMPILER_APPICON_NAME = AppIcon;
				ASSETCATALOG_COMPILER_GLOBAL_ACCENT_COLOR_NAME = AccentColor;
				CODE_SIGN_STYLE = Automatic;
				CURRENT_PROJECT_VERSION = 1;
				DEVELOPMENT_TEAM = 6CNX5P6BQG;
				GENERATE_INFOPLIST_FILE = YES;
				INFOPLIST_FILE = ChallengeAdd/Info.plist;
				INFOPLIST_KEY_UIApplicationSupportsIndirectInputEvents = YES;
				INFOPLIST_KEY_UILaunchStoryboardName = LaunchScreen;
				INFOPLIST_KEY_UIMainStoryboardFile = Main;
				INFOPLIST_KEY_UISupportedInterfaceOrientations_iPad = "UIInterfaceOrientationPortrait UIInterfaceOrientationPortraitUpsideDown UIInterfaceOrientationLandscapeLeft UIInterfaceOrientationLandscapeRight";
				INFOPLIST_KEY_UISupportedInterfaceOrientations_iPhone = "UIInterfaceOrientationPortrait UIInterfaceOrientationLandscapeLeft UIInterfaceOrientationLandscapeRight";
				LD_RUNPATH_SEARCH_PATHS = (
					"$(inherited)",
					"@executable_path/Frameworks",
				);
				MARKETING_VERSION = 1.0;
				PRODUCT_BUNDLE_IDENTIFIER = com.077tech.ChallengeAdd;
				PRODUCT_NAME = "$(TARGET_NAME)";
				SWIFT_EMIT_LOC_STRINGS = YES;
				SWIFT_VERSION = 5.0;
				TARGETED_DEVICE_FAMILY = "1,2";
			};
			name = Release;
		};
		E57EF945292471860044660C /* Debug */ = {
			isa = XCBuildConfiguration;
			buildSettings = {
				ALWAYS_EMBED_SWIFT_STANDARD_LIBRARIES = YES;
				BUNDLE_LOADER = "$(TEST_HOST)";
				CODE_SIGN_STYLE = Automatic;
				CURRENT_PROJECT_VERSION = 1;
				DEVELOPMENT_TEAM = 6CNX5P6BQG;
				GENERATE_INFOPLIST_FILE = YES;
				IPHONEOS_DEPLOYMENT_TARGET = 16.1;
				MARKETING_VERSION = 1.0;
				PRODUCT_BUNDLE_IDENTIFIER = com.077tech.ChallengeAddTests;
				PRODUCT_NAME = "$(TARGET_NAME)";
				SWIFT_EMIT_LOC_STRINGS = NO;
				SWIFT_VERSION = 5.0;
				TARGETED_DEVICE_FAMILY = "1,2";
				TEST_HOST = "$(BUILT_PRODUCTS_DIR)/ChallengeAdd.app/$(BUNDLE_EXECUTABLE_FOLDER_PATH)/ChallengeAdd";
			};
			name = Debug;
		};
		E57EF946292471860044660C /* Release */ = {
			isa = XCBuildConfiguration;
			buildSettings = {
				ALWAYS_EMBED_SWIFT_STANDARD_LIBRARIES = YES;
				BUNDLE_LOADER = "$(TEST_HOST)";
				CODE_SIGN_STYLE = Automatic;
				CURRENT_PROJECT_VERSION = 1;
				DEVELOPMENT_TEAM = 6CNX5P6BQG;
				GENERATE_INFOPLIST_FILE = YES;
				IPHONEOS_DEPLOYMENT_TARGET = 16.1;
				MARKETING_VERSION = 1.0;
				PRODUCT_BUNDLE_IDENTIFIER = com.077tech.ChallengeAddTests;
				PRODUCT_NAME = "$(TARGET_NAME)";
				SWIFT_EMIT_LOC_STRINGS = NO;
				SWIFT_VERSION = 5.0;
				TARGETED_DEVICE_FAMILY = "1,2";
				TEST_HOST = "$(BUILT_PRODUCTS_DIR)/ChallengeAdd.app/$(BUNDLE_EXECUTABLE_FOLDER_PATH)/ChallengeAdd";
			};
			name = Release;
		};
		E57EF948292471860044660C /* Debug */ = {
			isa = XCBuildConfiguration;
			buildSettings = {
				ALWAYS_EMBED_SWIFT_STANDARD_LIBRARIES = YES;
				CODE_SIGN_STYLE = Automatic;
				CURRENT_PROJECT_VERSION = 1;
				DEVELOPMENT_TEAM = 6CNX5P6BQG;
				GENERATE_INFOPLIST_FILE = YES;
				MARKETING_VERSION = 1.0;
				PRODUCT_BUNDLE_IDENTIFIER = com.077tech.ChallengeAddUITests;
				PRODUCT_NAME = "$(TARGET_NAME)";
				SWIFT_EMIT_LOC_STRINGS = NO;
				SWIFT_VERSION = 5.0;
				TARGETED_DEVICE_FAMILY = "1,2";
				TEST_TARGET_NAME = ChallengeAdd;
			};
			name = Debug;
		};
		E57EF949292471860044660C /* Release */ = {
			isa = XCBuildConfiguration;
			buildSettings = {
				ALWAYS_EMBED_SWIFT_STANDARD_LIBRARIES = YES;
				CODE_SIGN_STYLE = Automatic;
				CURRENT_PROJECT_VERSION = 1;
				DEVELOPMENT_TEAM = 6CNX5P6BQG;
				GENERATE_INFOPLIST_FILE = YES;
				MARKETING_VERSION = 1.0;
				PRODUCT_BUNDLE_IDENTIFIER = com.077tech.ChallengeAddUITests;
				PRODUCT_NAME = "$(TARGET_NAME)";
				SWIFT_EMIT_LOC_STRINGS = NO;
				SWIFT_VERSION = 5.0;
				TARGETED_DEVICE_FAMILY = "1,2";
				TEST_TARGET_NAME = ChallengeAdd;
			};
			name = Release;
		};
/* End XCBuildConfiguration section */

/* Begin XCConfigurationList section */
		E57EF90F292471850044660C /* Build configuration list for PBXProject "ChallengeAdd" */ = {
			isa = XCConfigurationList;
			buildConfigurations = (
				E57EF93F292471860044660C /* Debug */,
				E57EF940292471860044660C /* Release */,
			);
			defaultConfigurationIsVisible = 0;
			defaultConfigurationName = Release;
		};
		E57EF941292471860044660C /* Build configuration list for PBXNativeTarget "ChallengeAdd" */ = {
			isa = XCConfigurationList;
			buildConfigurations = (
				E57EF942292471860044660C /* Debug */,
				E57EF943292471860044660C /* Release */,
			);
			defaultConfigurationIsVisible = 0;
			defaultConfigurationName = Release;
		};
		E57EF944292471860044660C /* Build configuration list for PBXNativeTarget "ChallengeAddTests" */ = {
			isa = XCConfigurationList;
			buildConfigurations = (
				E57EF945292471860044660C /* Debug */,
				E57EF946292471860044660C /* Release */,
			);
			defaultConfigurationIsVisible = 0;
			defaultConfigurationName = Release;
		};
		E57EF947292471860044660C /* Build configuration list for PBXNativeTarget "ChallengeAddUITests" */ = {
			isa = XCConfigurationList;
			buildConfigurations = (
				E57EF948292471860044660C /* Debug */,
				E57EF949292471860044660C /* Release */,
			);
			defaultConfigurationIsVisible = 0;
			defaultConfigurationName = Release;
		};
/* End XCConfigurationList section */

/* Begin XCVersionGroup section */
		E57EF920292471850044660C /* ChallengeAdd.xcdatamodeld */ = {
			isa = XCVersionGroup;
			children = (
				E57EF921292471850044660C /* ChallengeAdd.xcdatamodel */,
			);
			currentVersion = E57EF921292471850044660C /* ChallengeAdd.xcdatamodel */;
			path = ChallengeAdd.xcdatamodeld;
			sourceTree = "<group>";
			versionGroupType = wrapper.xcdatamodel;
		};
/* End XCVersionGroup section */
	};
	rootObject = E57EF90C292471850044660C /* Project object */;
}
